// !$*UTF8*$!
{
	archiveVersion = 1;
	classes = {
	};
	objectVersion = 46;
	objects = {

/* Begin PBXBuildFile section */
		57A0A3C61BCDBD5E00C437FD /* AppDelegate.m in Sources */ = {isa = PBXBuildFile; fileRef = 57A0A3B01BCDBD5E00C437FD /* AppDelegate.m */; settings = {ASSET_TAGS = (); }; };
		57A0A3C71BCDBD5E00C437FD /* Assets.xcassets in Resources */ = {isa = PBXBuildFile; fileRef = 57A0A3B11BCDBD5E00C437FD /* Assets.xcassets */; settings = {ASSET_TAGS = (); }; };
		57A0A3C81BCDBD5E00C437FD /* LaunchScreen.storyboard in Resources */ = {isa = PBXBuildFile; fileRef = 57A0A3B21BCDBD5E00C437FD /* LaunchScreen.storyboard */; settings = {ASSET_TAGS = (); }; };
		57A0A3C91BCDBD5E00C437FD /* Main.storyboard in Resources */ = {isa = PBXBuildFile; fileRef = 57A0A3B41BCDBD5E00C437FD /* Main.storyboard */; settings = {ASSET_TAGS = (); }; };
		57A0A3CA1BCDBD5E00C437FD /* FirstViewController.m in Sources */ = {isa = PBXBuildFile; fileRef = 57A0A3B71BCDBD5E00C437FD /* FirstViewController.m */; settings = {ASSET_TAGS = (); }; };
		57A0A3CC1BCDBD5E00C437FD /* LiveAuthManager.m in Sources */ = {isa = PBXBuildFile; fileRef = 57A0A3BA1BCDBD5E00C437FD /* LiveAuthManager.m */; settings = {ASSET_TAGS = (); }; };
		57A0A3CD1BCDBD5E00C437FD /* main.m in Sources */ = {isa = PBXBuildFile; fileRef = 57A0A3BB1BCDBD5E00C437FD /* main.m */; settings = {ASSET_TAGS = (); }; };
		57A0A3CE1BCDBD5E00C437FD /* SecondViewController.m in Sources */ = {isa = PBXBuildFile; fileRef = 57A0A3BD1BCDBD5E00C437FD /* SecondViewController.m */; settings = {ASSET_TAGS = (); }; };
		57A0A3CF1BCDBD5E00C437FD /* SocialManager.m in Sources */ = {isa = PBXBuildFile; fileRef = 57A0A3BF1BCDBD5E00C437FD /* SocialManager.m */; settings = {ASSET_TAGS = (); }; };
		57A0A3D01BCDBD5E00C437FD /* XboxLiveCall.m in Sources */ = {isa = PBXBuildFile; fileRef = 57A0A3C11BCDBD5E00C437FD /* XboxLiveCall.m */; settings = {ASSET_TAGS = (); }; };
		57A0A3D11BCDBD5E00C437FD /* XboxTabViewController.m in Sources */ = {isa = PBXBuildFile; fileRef = 57A0A3C31BCDBD5E00C437FD /* XboxTabViewController.m */; settings = {ASSET_TAGS = (); }; };
		57A0A3D21BCDBD5E00C437FD /* XSTSAuthManager.m in Sources */ = {isa = PBXBuildFile; fileRef = 57A0A3C51BCDBD5E00C437FD /* XSTSAuthManager.m */; settings = {ASSET_TAGS = (); }; };
/* End PBXBuildFile section */

/* Begin PBXFileReference section */
		57823C8C1BC5E5550027D0B8 /* XboxiOS.app */ = {isa = PBXFileReference; explicitFileType = wrapper.application; includeInIndex = 0; path = XboxiOS.app; sourceTree = BUILT_PRODUCTS_DIR; };
		57823CB01BC74B200027D0B8 /* pch.h */ = {isa = PBXFileReference; lastKnownFileType = sourcecode.c.h; path = pch.h; sourceTree = "<group>"; };
		57A0A3AF1BCDBD5E00C437FD /* AppDelegate.h */ = {isa = PBXFileReference; fileEncoding = 4; lastKnownFileType = sourcecode.c.h; path = AppDelegate.h; sourceTree = "<group>"; };
		57A0A3B01BCDBD5E00C437FD /* AppDelegate.m */ = {isa = PBXFileReference; fileEncoding = 4; lastKnownFileType = sourcecode.c.objc; path = AppDelegate.m; sourceTree = "<group>"; };
		57A0A3B11BCDBD5E00C437FD /* Assets.xcassets */ = {isa = PBXFileReference; lastKnownFileType = folder.assetcatalog; path = Assets.xcassets; sourceTree = "<group>"; };
		57A0A3B31BCDBD5E00C437FD /* Base */ = {isa = PBXFileReference; lastKnownFileType = file.storyboard; name = Base; path = Base.lproj/LaunchScreen.storyboard; sourceTree = "<group>"; };
		57A0A3B51BCDBD5E00C437FD /* Base */ = {isa = PBXFileReference; lastKnownFileType = file.storyboard; name = Base; path = Base.lproj/Main.storyboard; sourceTree = "<group>"; };
		57A0A3B61BCDBD5E00C437FD /* FirstViewController.h */ = {isa = PBXFileReference; fileEncoding = 4; lastKnownFileType = sourcecode.c.h; path = FirstViewController.h; sourceTree = "<group>"; };
		57A0A3B71BCDBD5E00C437FD /* FirstViewController.m */ = {isa = PBXFileReference; fileEncoding = 4; lastKnownFileType = sourcecode.c.objc; path = FirstViewController.m; sourceTree = "<group>"; };
		57A0A3B81BCDBD5E00C437FD /* Info.plist */ = {isa = PBXFileReference; fileEncoding = 4; lastKnownFileType = text.plist.xml; path = Info.plist; sourceTree = "<group>"; };
		57A0A3B91BCDBD5E00C437FD /* LiveAuthManager.h */ = {isa = PBXFileReference; fileEncoding = 4; lastKnownFileType = sourcecode.c.h; path = LiveAuthManager.h; sourceTree = "<group>"; };
		57A0A3BA1BCDBD5E00C437FD /* LiveAuthManager.m */ = {isa = PBXFileReference; fileEncoding = 4; lastKnownFileType = sourcecode.c.objc; path = LiveAuthManager.m; sourceTree = "<group>"; };
		57A0A3BB1BCDBD5E00C437FD /* main.m */ = {isa = PBXFileReference; fileEncoding = 4; lastKnownFileType = sourcecode.c.objc; path = main.m; sourceTree = "<group>"; };
		57A0A3BC1BCDBD5E00C437FD /* SecondViewController.h */ = {isa = PBXFileReference; fileEncoding = 4; lastKnownFileType = sourcecode.c.h; path = SecondViewController.h; sourceTree = "<group>"; };
		57A0A3BD1BCDBD5E00C437FD /* SecondViewController.m */ = {isa = PBXFileReference; fileEncoding = 4; lastKnownFileType = sourcecode.c.objc; path = SecondViewController.m; sourceTree = "<group>"; };
		57A0A3BE1BCDBD5E00C437FD /* SocialManager.h */ = {isa = PBXFileReference; fileEncoding = 4; lastKnownFileType = sourcecode.c.h; path = SocialManager.h; sourceTree = "<group>"; };
		57A0A3BF1BCDBD5E00C437FD /* SocialManager.m */ = {isa = PBXFileReference; fileEncoding = 4; lastKnownFileType = sourcecode.c.objc; path = SocialManager.m; sourceTree = "<group>"; };
		57A0A3C01BCDBD5E00C437FD /* XboxLiveCall.h */ = {isa = PBXFileReference; fileEncoding = 4; lastKnownFileType = sourcecode.c.h; path = XboxLiveCall.h; sourceTree = "<group>"; };
		57A0A3C11BCDBD5E00C437FD /* XboxLiveCall.m */ = {isa = PBXFileReference; fileEncoding = 4; lastKnownFileType = sourcecode.c.objc; path = XboxLiveCall.m; sourceTree = "<group>"; };
		57A0A3C21BCDBD5E00C437FD /* XboxTabViewController.h */ = {isa = PBXFileReference; fileEncoding = 4; lastKnownFileType = sourcecode.c.h; path = XboxTabViewController.h; sourceTree = "<group>"; };
		57A0A3C31BCDBD5E00C437FD /* XboxTabViewController.m */ = {isa = PBXFileReference; fileEncoding = 4; lastKnownFileType = sourcecode.c.objc; path = XboxTabViewController.m; sourceTree = "<group>"; };
		57A0A3C41BCDBD5E00C437FD /* XSTSAuthManager.h */ = {isa = PBXFileReference; fileEncoding = 4; lastKnownFileType = sourcecode.c.h; path = XSTSAuthManager.h; sourceTree = "<group>"; };
		57A0A3C51BCDBD5E00C437FD /* XSTSAuthManager.m */ = {isa = PBXFileReference; fileEncoding = 4; lastKnownFileType = sourcecode.c.objc; path = XSTSAuthManager.m; sourceTree = "<group>"; };
/* End PBXFileReference section */

/* Begin PBXFrameworksBuildPhase section */
		57823C891BC5E5550027D0B8 /* Frameworks */ = {
			isa = PBXFrameworksBuildPhase;
			buildActionMask = 2147483647;
			files = (
			);
			runOnlyForDeploymentPostprocessing = 0;
		};
/* End PBXFrameworksBuildPhase section */

/* Begin PBXGroup section */
		57823C831BC5E5550027D0B8 = {
			isa = PBXGroup;
			children = (
				57823CB01BC74B200027D0B8 /* pch.h */,
				57A0A3AE1BCDBD5E00C437FD /* XboxiOS */,
				57823C8D1BC5E5550027D0B8 /* Products */,
			);
			sourceTree = "<group>";
		};
		57823C8D1BC5E5550027D0B8 /* Products */ = {
			isa = PBXGroup;
			children = (
				57823C8C1BC5E5550027D0B8 /* XboxiOS.app */,
			);
			name = Products;
			sourceTree = "<group>";
		};
		57A0A3AE1BCDBD5E00C437FD /* XboxiOS */ = {
			isa = PBXGroup;
			children = (
				57A0A3AF1BCDBD5E00C437FD /* AppDelegate.h */,
				57A0A3B01BCDBD5E00C437FD /* AppDelegate.m */,
				57A0A3B11BCDBD5E00C437FD /* Assets.xcassets */,
				57A0A3B21BCDBD5E00C437FD /* LaunchScreen.storyboard */,
				57A0A3B41BCDBD5E00C437FD /* Main.storyboard */,
				57A0A3B61BCDBD5E00C437FD /* FirstViewController.h */,
				57A0A3B71BCDBD5E00C437FD /* FirstViewController.m */,
				57A0A3B81BCDBD5E00C437FD /* Info.plist */,
				57A0A3B91BCDBD5E00C437FD /* LiveAuthManager.h */,
				57A0A3BA1BCDBD5E00C437FD /* LiveAuthManager.m */,
				57A0A3BB1BCDBD5E00C437FD /* main.m */,
				57A0A3BC1BCDBD5E00C437FD /* SecondViewController.h */,
				57A0A3BD1BCDBD5E00C437FD /* SecondViewController.m */,
				57A0A3BE1BCDBD5E00C437FD /* SocialManager.h */,
				57A0A3BF1BCDBD5E00C437FD /* SocialManager.m */,
				57A0A3C01BCDBD5E00C437FD /* XboxLiveCall.h */,
				57A0A3C11BCDBD5E00C437FD /* XboxLiveCall.m */,
				57A0A3C21BCDBD5E00C437FD /* XboxTabViewController.h */,
				57A0A3C31BCDBD5E00C437FD /* XboxTabViewController.m */,
				57A0A3C41BCDBD5E00C437FD /* XSTSAuthManager.h */,
				57A0A3C51BCDBD5E00C437FD /* XSTSAuthManager.m */,
			);
			path = XboxiOS;
			sourceTree = "<group>";
		};
/* End PBXGroup section */

/* Begin PBXNativeTarget section */
		57823C8B1BC5E5550027D0B8 /* XboxiOS */ = {
			isa = PBXNativeTarget;
			buildConfigurationList = 57823CA61BC5E5550027D0B8 /* Build configuration list for PBXNativeTarget "XboxiOS" */;
			buildPhases = (
				57823C881BC5E5550027D0B8 /* Sources */,
				57823C891BC5E5550027D0B8 /* Frameworks */,
				57823C8A1BC5E5550027D0B8 /* Resources */,
			);
			buildRules = (
			);
			dependencies = (
			);
			name = XboxiOS;
			productName = XProfileSAK;
			productReference = 57823C8C1BC5E5550027D0B8 /* XboxiOS.app */;
			productType = "com.apple.product-type.application";
		};
/* End PBXNativeTarget section */

/* Begin PBXProject section */
		57823C841BC5E5550027D0B8 /* Project object */ = {
			isa = PBXProject;
			attributes = {
				LastUpgradeCheck = 0700;
				ORGANIZATIONNAME = "Neon Games";
				TargetAttributes = {
					57823C8B1BC5E5550027D0B8 = {
						CreatedOnToolsVersion = 7.0.1;
					};
				};
			};
			buildConfigurationList = 57823C871BC5E5550027D0B8 /* Build configuration list for PBXProject "XboxiOS" */;
			compatibilityVersion = "Xcode 3.2";
			developmentRegion = English;
			hasScannedForEncodings = 0;
			knownRegions = (
				en,
				Base,
			);
			mainGroup = 57823C831BC5E5550027D0B8;
			productRefGroup = 57823C8D1BC5E5550027D0B8 /* Products */;
			projectDirPath = "";
			projectRoot = "";
			targets = (
				57823C8B1BC5E5550027D0B8 /* XboxiOS */,
			);
		};
/* End PBXProject section */

/* Begin PBXResourcesBuildPhase section */
		57823C8A1BC5E5550027D0B8 /* Resources */ = {
			isa = PBXResourcesBuildPhase;
			buildActionMask = 2147483647;
			files = (
				57A0A3C71BCDBD5E00C437FD /* Assets.xcassets in Resources */,
				57A0A3C91BCDBD5E00C437FD /* Main.storyboard in Resources */,
				57A0A3C81BCDBD5E00C437FD /* LaunchScreen.storyboard in Resources */,
			);
			runOnlyForDeploymentPostprocessing = 0;
		};
/* End PBXResourcesBuildPhase section */

/* Begin PBXSourcesBuildPhase section */
		57823C881BC5E5550027D0B8 /* Sources */ = {
			isa = PBXSourcesBuildPhase;
			buildActionMask = 2147483647;
			files = (
				57A0A3CD1BCDBD5E00C437FD /* main.m in Sources */,
				57A0A3CF1BCDBD5E00C437FD /* SocialManager.m in Sources */,
				57A0A3CA1BCDBD5E00C437FD /* FirstViewController.m in Sources */,
				57A0A3CC1BCDBD5E00C437FD /* LiveAuthManager.m in Sources */,
				57A0A3D01BCDBD5E00C437FD /* XboxLiveCall.m in Sources */,
				57A0A3D11BCDBD5E00C437FD /* XboxTabViewController.m in Sources */,
				57A0A3C61BCDBD5E00C437FD /* AppDelegate.m in Sources */,
				57A0A3CE1BCDBD5E00C437FD /* SecondViewController.m in Sources */,
				57A0A3D21BCDBD5E00C437FD /* XSTSAuthManager.m in Sources */,
			);
			runOnlyForDeploymentPostprocessing = 0;
		};
/* End PBXSourcesBuildPhase section */

/* Begin PBXVariantGroup section */
		57A0A3B21BCDBD5E00C437FD /* LaunchScreen.storyboard */ = {
			isa = PBXVariantGroup;
			children = (
				57A0A3B31BCDBD5E00C437FD /* Base */,
			);
			name = LaunchScreen.storyboard;
			sourceTree = "<group>";
		};
		57A0A3B41BCDBD5E00C437FD /* Main.storyboard */ = {
			isa = PBXVariantGroup;
			children = (
				57A0A3B51BCDBD5E00C437FD /* Base */,
			);
			name = Main.storyboard;
			sourceTree = "<group>";
		};
/* End PBXVariantGroup section */

/* Begin XCBuildConfiguration section */
		57823CA41BC5E5550027D0B8 /* Debug */ = {
			isa = XCBuildConfiguration;
			buildSettings = {
				ALWAYS_SEARCH_USER_PATHS = NO;
				CLANG_CXX_LANGUAGE_STANDARD = "gnu++0x";
				CLANG_CXX_LIBRARY = "libc++";
				CLANG_ENABLE_MODULES = YES;
				CLANG_ENABLE_OBJC_ARC = YES;
				CLANG_WARN_BOOL_CONVERSION = YES;
				CLANG_WARN_CONSTANT_CONVERSION = YES;
				CLANG_WARN_DIRECT_OBJC_ISA_USAGE = YES_ERROR;
				CLANG_WARN_EMPTY_BODY = YES;
				CLANG_WARN_ENUM_CONVERSION = YES;
				CLANG_WARN_INT_CONVERSION = YES;
				CLANG_WARN_OBJC_ROOT_CLASS = YES_ERROR;
				CLANG_WARN_UNREACHABLE_CODE = YES;
				CLANG_WARN__DUPLICATE_METHOD_MATCH = YES;
				"CODE_SIGN_IDENTITY[sdk=iphoneos*]" = "iPhone Developer";
				COPY_PHASE_STRIP = NO;
				DEBUG_INFORMATION_FORMAT = dwarf;
				ENABLE_STRICT_OBJC_MSGSEND = YES;
				ENABLE_TESTABILITY = YES;
				GCC_C_LANGUAGE_STANDARD = gnu99;
				GCC_DYNAMIC_NO_PIC = NO;
				GCC_NO_COMMON_BLOCKS = YES;
				GCC_OPTIMIZATION_LEVEL = 0;
				GCC_PREFIX_HEADER = pch.h;
				GCC_PREPROCESSOR_DEFINITIONS = (
					"DEBUG=1",
					"$(inherited)",
				);
				GCC_WARN_64_TO_32_BIT_CONVERSION = YES;
				GCC_WARN_ABOUT_RETURN_TYPE = YES_ERROR;
				GCC_WARN_UNDECLARED_SELECTOR = YES;
				GCC_WARN_UNINITIALIZED_AUTOS = YES_AGGRESSIVE;
				GCC_WARN_UNUSED_FUNCTION = YES;
				GCC_WARN_UNUSED_VARIABLE = YES;
				IPHONEOS_DEPLOYMENT_TARGET = 9.0;
				MTL_ENABLE_DEBUG_INFO = YES;
				ONLY_ACTIVE_ARCH = YES;
				SDKROOT = iphoneos;
				TARGETED_DEVICE_FAMILY = "1,2";
			};
			name = Debug;
		};
		57823CA51BC5E5550027D0B8 /* Release */ = {
			isa = XCBuildConfiguration;
			buildSettings = {
				ALWAYS_SEARCH_USER_PATHS = NO;
				CLANG_CXX_LANGUAGE_STANDARD = "gnu++0x";
				CLANG_CXX_LIBRARY = "libc++";
				CLANG_ENABLE_MODULES = YES;
				CLANG_ENABLE_OBJC_ARC = YES;
				CLANG_WARN_BOOL_CONVERSION = YES;
				CLANG_WARN_CONSTANT_CONVERSION = YES;
				CLANG_WARN_DIRECT_OBJC_ISA_USAGE = YES_ERROR;
				CLANG_WARN_EMPTY_BODY = YES;
				CLANG_WARN_ENUM_CONVERSION = YES;
				CLANG_WARN_INT_CONVERSION = YES;
				CLANG_WARN_OBJC_ROOT_CLASS = YES_ERROR;
				CLANG_WARN_UNREACHABLE_CODE = YES;
				CLANG_WARN__DUPLICATE_METHOD_MATCH = YES;
				"CODE_SIGN_IDENTITY[sdk=iphoneos*]" = "iPhone Developer";
				COPY_PHASE_STRIP = NO;
				DEBUG_INFORMATION_FORMAT = "dwarf-with-dsym";
				ENABLE_NS_ASSERTIONS = NO;
				ENABLE_STRICT_OBJC_MSGSEND = YES;
				GCC_C_LANGUAGE_STANDARD = gnu99;
				GCC_NO_COMMON_BLOCKS = YES;
				GCC_PREFIX_HEADER = pch.h;
				GCC_WARN_64_TO_32_BIT_CONVERSION = YES;
				GCC_WARN_ABOUT_RETURN_TYPE = YES_ERROR;
				GCC_WARN_UNDECLARED_SELECTOR = YES;
				GCC_WARN_UNINITIALIZED_AUTOS = YES_AGGRESSIVE;
				GCC_WARN_UNUSED_FUNCTION = YES;
				GCC_WARN_UNUSED_VARIABLE = YES;
				IPHONEOS_DEPLOYMENT_TARGET = 9.0;
				MTL_ENABLE_DEBUG_INFO = NO;
				SDKROOT = iphoneos;
				TARGETED_DEVICE_FAMILY = "1,2";
				VALIDATE_PRODUCT = YES;
			};
			name = Release;
		};
		57823CA71BC5E5550027D0B8 /* Debug */ = {
			isa = XCBuildConfiguration;
			buildSettings = {
				ASSETCATALOG_COMPILER_APPICON_NAME = AppIcon;
				INFOPLIST_FILE = XboxiOS/Info.plist;
				LD_RUNPATH_SEARCH_PATHS = "$(inherited) @executable_path/Frameworks";
				PRODUCT_BUNDLE_IDENTIFIER = com.neongames.XboxiOS;
				PRODUCT_NAME = XboxiOS;
			};
			name = Debug;
		};
		57823CA81BC5E5550027D0B8 /* Release */ = {
			isa = XCBuildConfiguration;
			buildSettings = {
				ASSETCATALOG_COMPILER_APPICON_NAME = AppIcon;
				INFOPLIST_FILE = XboxiOS/Info.plist;
				LD_RUNPATH_SEARCH_PATHS = "$(inherited) @executable_path/Frameworks";
				PRODUCT_BUNDLE_IDENTIFIER = com.neongames.XboxiOS;
				PRODUCT_NAME = XboxiOS;
			};
			name = Release;
		};
/* End XCBuildConfiguration section */

/* Begin XCConfigurationList section */
		57823C871BC5E5550027D0B8 /* Build configuration list for PBXProject "XboxiOS" */ = {
			isa = XCConfigurationList;
			buildConfigurations = (
				57823CA41BC5E5550027D0B8 /* Debug */,
				57823CA51BC5E5550027D0B8 /* Release */,
			);
			defaultConfigurationIsVisible = 0;
			defaultConfigurationName = Release;
		};
		57823CA61BC5E5550027D0B8 /* Build configuration list for PBXNativeTarget "XboxiOS" */ = {
			isa = XCConfigurationList;
			buildConfigurations = (
				57823CA71BC5E5550027D0B8 /* Debug */,
				57823CA81BC5E5550027D0B8 /* Release */,
			);
			defaultConfigurationIsVisible = 0;
			defaultConfigurationName = Release;
		};
/* End XCConfigurationList section */
	};
	rootObject = 57823C841BC5E5550027D0B8 /* Project object */;
}
